
Microsoft Visual Studio Solution File, Format Version 12.00
# Visual Studio Version 16
VisualStudioVersion = 16.0.31702.278
MinimumVisualStudioVersion = 10.0.40219.1
Project("{FAE04EC0-301F-11D3-BF4B-00C04F79EFBC}") = "formasGeo.Android", "formasGeo\formasGeo.Android\formasGeo.Android.csproj", "{C05AC4EF-3ED2-485F-8811-70F4C5D05E1F}"
EndProject
Project("{FAE04EC0-301F-11D3-BF4B-00C04F79EFBC}") = "formasGeo", "formasGeo\formasGeo\formasGeo.csproj", "{E64699DB-691A-40CA-98A5-9210EE391C6D}"
EndProject
Global
	GlobalSection(SolutionConfigurationPlatforms) = preSolution
		Debug|Any CPU = Debug|Any CPU
		Release|Any CPU = Release|Any CPU
	EndGlobalSection
	GlobalSection(ProjectConfigurationPlatforms) = postSolution
		{C05AC4EF-3ED2-485F-8811-70F4C5D05E1F}.Debug|Any CPU.ActiveCfg = Debug|Any CPU
		{C05AC4EF-3ED2-485F-8811-70F4C5D05E1F}.Debug|Any CPU.Build.0 = Debug|Any CPU
		{C05AC4EF-3ED2-485F-8811-70F4C5D05E1F}.Debug|Any CPU.Deploy.0 = Debug|Any CPU
		{C05AC4EF-3ED2-485F-8811-70F4C5D05E1F}.Release|Any CPU.ActiveCfg = Release|Any CPU
		{C05AC4EF-3ED2-485F-8811-70F4C5D05E1F}.Release|Any CPU.Build.0 = Release|Any CPU
		{C05AC4EF-3ED2-485F-8811-70F4C5D05E1F}.Release|Any CPU.Deploy.0 = Release|Any CPU
		{E64699DB-691A-40CA-98A5-9210EE391C6D}.Debug|Any CPU.ActiveCfg = Debug|Any CPU
		{E64699DB-691A-40CA-98A5-9210EE391C6D}.Debug|Any CPU.Build.0 = Debug|Any CPU
		{E64699DB-691A-40CA-98A5-9210EE391C6D}.Debug|Any CPU.Deploy.0 = Debug|Any CPU
		{E64699DB-691A-40CA-98A5-9210EE391C6D}.Release|Any CPU.ActiveCfg = Release|Any CPU
		{E64699DB-691A-40CA-98A5-9210EE391C6D}.Release|Any CPU.Build.0 = Release|Any CPU
		{E64699DB-691A-40CA-98A5-9210EE391C6D}.Release|Any CPU.Deploy.0 = Release|Any CPU
	EndGlobalSection
	GlobalSection(SolutionProperties) = preSolution
		HideSolutionNode = FALSE
	EndGlobalSection
	GlobalSection(ExtensibilityGlobals) = postSolution
		SolutionGuid = {F988B357-1C42-4235-9BCF-B00F94004366}
	EndGlobalSection
EndGlobal
